github.com/iden3/go-iden3-crypto v0.0.15 h1:4MJYlrot1l31Fzlo2sF56u7EVFeHHJkxGXXZCtESgK4=
github.com/iden3/go-iden3-crypto v0.0.15/go.mod h1:dLpM4vEPJ3nDHzhWFXDjzkn1qHoBeOT/3UEhXsEsP3E=
golang.org/x/sys v0.6.0 h1:MVltZSvRTcU2ljQOhs94SXPftV6DCNnZViHeQps87pQ=
golang.org/x/sys v0.6.0/go.mod h1:oPkhp1MJrh7nUepCBck5+mAzfO9JrbApNNgaTdGDITg=
